
Microsoft Visual Studio Solution File, Format Version 12.00
# Visual Studio 2013
VisualStudioVersion = 12.0.21005.1
MinimumVisualStudioVersion = 10.0.40219.1
Project("{FAE04EC0-301F-11D3-BF4B-00C04F79EFBC}") = "HazardSweep", "HazardSweep\HazardSweep\HazardSweep.csproj", "{6535E468-336B-47C3-AB2E-2FA308BAA151}"
EndProject
Project("{96E2B04D-8817-42C6-938A-82C39BA4D311}") = "HazardSweepContent", "HazardSweep\HazardSweepContent\HazardSweepContent.contentproj", "{E99DDCB6-A50F-4F1E-BDF8-C3BFCB3F8C8A}"
EndProject
Global
	GlobalSection(SolutionConfigurationPlatforms) = preSolution
		Debug|x86 = Debug|x86
		Release|x86 = Release|x86
	EndGlobalSection
	GlobalSection(ProjectConfigurationPlatforms) = postSolution
		{6535E468-336B-47C3-AB2E-2FA308BAA151}.Debug|x86.ActiveCfg = Debug|x86
		{6535E468-336B-47C3-AB2E-2FA308BAA151}.Debug|x86.Build.0 = Debug|x86
		{6535E468-336B-47C3-AB2E-2FA308BAA151}.Release|x86.ActiveCfg = Release|x86
		{6535E468-336B-47C3-AB2E-2FA308BAA151}.Release|x86.Build.0 = Release|x86
		{E99DDCB6-A50F-4F1E-BDF8-C3BFCB3F8C8A}.Debug|x86.ActiveCfg = Debug|x86
		{E99DDCB6-A50F-4F1E-BDF8-C3BFCB3F8C8A}.Release|x86.ActiveCfg = Release|x86
	EndGlobalSection
	GlobalSection(SolutionProperties) = preSolution
		HideSolutionNode = FALSE
	EndGlobalSection
EndGlobal
